// !$*UTF8*$!
{
	archiveVersion = 1;
	classes = {
	};
	objectVersion = 46;
	objects = {

/* Begin PBXBuildFile section */
		C54C3FC71C1502E3003A6E25 /* AppDelegate.swift in Sources */ = {isa = PBXBuildFile; fileRef = C54C3FC61C1502E3003A6E25 /* AppDelegate.swift */; };
		C54C3FC91C1502E3003A6E25 /* ViewController.swift in Sources */ = {isa = PBXBuildFile; fileRef = C54C3FC81C1502E3003A6E25 /* ViewController.swift */; };
		C54C3FCC1C1502E3003A6E25 /* Main.storyboard in Resources */ = {isa = PBXBuildFile; fileRef = C54C3FCA1C1502E3003A6E25 /* Main.storyboard */; };
		C54C3FCE1C1502E3003A6E25 /* Assets.xcassets in Resources */ = {isa = PBXBuildFile; fileRef = C54C3FCD1C1502E3003A6E25 /* Assets.xcassets */; };
		C54C3FD11C1502E3003A6E25 /* LaunchScreen.storyboard in Resources */ = {isa = PBXBuildFile; fileRef = C54C3FCF1C1502E3003A6E25 /* LaunchScreen.storyboard */; };
		C54C3FDC1C1502E3003A6E25 /* Click_and_Create_iosTests.swift in Sources */ = {isa = PBXBuildFile; fileRef = C54C3FDB1C1502E3003A6E25 /* Click_and_Create_iosTests.swift */; };
		C54C3FE71C1502E3003A6E25 /* Click_and_Create_iosUITests.swift in Sources */ = {isa = PBXBuildFile; fileRef = C54C3FE61C1502E3003A6E25 /* Click_and_Create_iosUITests.swift */; };
/* End PBXBuildFile section */

/* Begin PBXContainerItemProxy section */
		C54C3FD81C1502E3003A6E25 /* PBXContainerItemProxy */ = {
			isa = PBXContainerItemProxy;
			containerPortal = C54C3FBB1C1502E3003A6E25 /* Project object */;
			proxyType = 1;
			remoteGlobalIDString = C54C3FC21C1502E3003A6E25;
			remoteInfo = "Click and Create ios";
		};
		C54C3FE31C1502E3003A6E25 /* PBXContainerItemProxy */ = {
			isa = PBXContainerItemProxy;
			containerPortal = C54C3FBB1C1502E3003A6E25 /* Project object */;
			proxyType = 1;
			remoteGlobalIDString = C54C3FC21C1502E3003A6E25;
			remoteInfo = "Click and Create ios";
		};
/* End PBXContainerItemProxy section */

/* Begin PBXFileReference section */
		C54C3FC31C1502E3003A6E25 /* Click and Create ios.app */ = {isa = PBXFileReference; explicitFileType = wrapper.application; includeInIndex = 0; path = "Click and Create ios.app"; sourceTree = BUILT_PRODUCTS_DIR; };
		C54C3FC61C1502E3003A6E25 /* AppDelegate.swift */ = {isa = PBXFileReference; lastKnownFileType = sourcecode.swift; path = AppDelegate.swift; sourceTree = "<group>"; };
		C54C3FC81C1502E3003A6E25 /* ViewController.swift */ = {isa = PBXFileReference; lastKnownFileType = sourcecode.swift; path = ViewController.swift; sourceTree = "<group>"; };
		C54C3FCB1C1502E3003A6E25 /* Base */ = {isa = PBXFileReference; lastKnownFileType = file.storyboard; name = Base; path = Base.lproj/Main.storyboard; sourceTree = "<group>"; };
		C54C3FCD1C1502E3003A6E25 /* Assets.xcassets */ = {isa = PBXFileReference; lastKnownFileType = folder.assetcatalog; path = Assets.xcassets; sourceTree = "<group>"; };
		C54C3FD01C1502E3003A6E25 /* Base */ = {isa = PBXFileReference; lastKnownFileType = file.storyboard; name = Base; path = Base.lproj/LaunchScreen.storyboard; sourceTree = "<group>"; };
		C54C3FD21C1502E3003A6E25 /* Info.plist */ = {isa = PBXFileReference; lastKnownFileType = text.plist.xml; path = Info.plist; sourceTree = "<group>"; };
		C54C3FD71C1502E3003A6E25 /* Click and Create iosTests.xctest */ = {isa = PBXFileReference; explicitFileType = wrapper.cfbundle; includeInIndex = 0; path = "Click and Create iosTests.xctest"; sourceTree = BUILT_PRODUCTS_DIR; };
		C54C3FDB1C1502E3003A6E25 /* Click_and_Create_iosTests.swift */ = {isa = PBXFileReference; lastKnownFileType = sourcecode.swift; path = Click_and_Create_iosTests.swift; sourceTree = "<group>"; };
		C54C3FDD1C1502E3003A6E25 /* Info.plist */ = {isa = PBXFileReference; lastKnownFileType = text.plist.xml; path = Info.plist; sourceTree = "<group>"; };
		C54C3FE21C1502E3003A6E25 /* Click and Create iosUITests.xctest */ = {isa = PBXFileReference; explicitFileType = wrapper.cfbundle; includeInIndex = 0; path = "Click and Create iosUITests.xctest"; sourceTree = BUILT_PRODUCTS_DIR; };
		C54C3FE61C1502E3003A6E25 /* Click_and_Create_iosUITests.swift */ = {isa = PBXFileReference; lastKnownFileType = sourcecode.swift; path = Click_and_Create_iosUITests.swift; sourceTree = "<group>"; };
		C54C3FE81C1502E3003A6E25 /* Info.plist */ = {isa = PBXFileReference; lastKnownFileType = text.plist.xml; path = Info.plist; sourceTree = "<group>"; };
/* End PBXFileReference section */

/* Begin PBXFrameworksBuildPhase section */
		C54C3FC01C1502E3003A6E25 /* Frameworks */ = {
			isa = PBXFrameworksBuildPhase;
			buildActionMask = 2147483647;
			files = (
			);
			runOnlyForDeploymentPostprocessing = 0;
		};
		C54C3FD41C1502E3003A6E25 /* Frameworks */ = {
			isa = PBXFrameworksBuildPhase;
			buildActionMask = 2147483647;
			files = (
			);
			runOnlyForDeploymentPostprocessing = 0;
		};
		C54C3FDF1C1502E3003A6E25 /* Frameworks */ = {
			isa = PBXFrameworksBuildPhase;
			buildActionMask = 2147483647;
			files = (
			);
			runOnlyForDeploymentPostprocessing = 0;
		};
/* End PBXFrameworksBuildPhase section */

/* Begin PBXGroup section */
		C54C3FBA1C1502E3003A6E25 = {
			isa = PBXGroup;
			children = (
				C54C3FC51C1502E3003A6E25 /* Click and Create ios */,
				C54C3FDA1C1502E3003A6E25 /* Click and Create iosTests */,
				C54C3FE51C1502E3003A6E25 /* Click and Create iosUITests */,
				C54C3FC41C1502E3003A6E25 /* Products */,
			);
			sourceTree = "<group>";
		};
		C54C3FC41C1502E3003A6E25 /* Products */ = {
			isa = PBXGroup;
			children = (
				C54C3FC31C1502E3003A6E25 /* Click and Create ios.app */,
				C54C3FD71C1502E3003A6E25 /* Click and Create iosTests.xctest */,
				C54C3FE21C1502E3003A6E25 /* Click and Create iosUITests.xctest */,
			);
			name = Products;
			sourceTree = "<group>";
		};
		C54C3FC51C1502E3003A6E25 /* Click and Create ios */ = {
			isa = PBXGroup;
			children = (
				C54C3FC61C1502E3003A6E25 /* AppDelegate.swift */,
				C54C3FC81C1502E3003A6E25 /* ViewController.swift */,
				C54C3FCA1C1502E3003A6E25 /* Main.storyboard */,
				C54C3FCD1C1502E3003A6E25 /* Assets.xcassets */,
				C54C3FCF1C1502E3003A6E25 /* LaunchScreen.storyboard */,
				C54C3FD21C1502E3003A6E25 /* Info.plist */,
			);
			path = "Click and Create ios";
			sourceTree = "<group>";
		};
		C54C3FDA1C1502E3003A6E25 /* Click and Create iosTests */ = {
			isa = PBXGroup;
			children = (
				C54C3FDB1C1502E3003A6E25 /* Click_and_Create_iosTests.swift */,
				C54C3FDD1C1502E3003A6E25 /* Info.plist */,
			);
			path = "Click and Create iosTests";
			sourceTree = "<group>";
		};
		C54C3FE51C1502E3003A6E25 /* Click and Create iosUITests */ = {
			isa = PBXGroup;
			children = (
				C54C3FE61C1502E3003A6E25 /* Click_and_Create_iosUITests.swift */,
				C54C3FE81C1502E3003A6E25 /* Info.plist */,
			);
			path = "Click and Create iosUITests";
			sourceTree = "<group>";
		};
/* End PBXGroup section */

/* Begin PBXNativeTarget section */
		C54C3FC21C1502E3003A6E25 /* Click and Create ios */ = {
			isa = PBXNativeTarget;
			buildConfigurationList = C54C3FEB1C1502E3003A6E25 /* Build configuration list for PBXNativeTarget "Click and Create ios" */;
			buildPhases = (
				C54C3FBF1C1502E3003A6E25 /* Sources */,
				C54C3FC01C1502E3003A6E25 /* Frameworks */,
				C54C3FC11C1502E3003A6E25 /* Resources */,
			);
			buildRules = (
			);
			dependencies = (
			);
			name = "Click and Create ios";
			productName = "Click and Create ios";
			productReference = C54C3FC31C1502E3003A6E25 /* Click and Create ios.app */;
			productType = "com.apple.product-type.application";
		};
		C54C3FD61C1502E3003A6E25 /* Click and Create iosTests */ = {
			isa = PBXNativeTarget;
			buildConfigurationList = C54C3FEE1C1502E3003A6E25 /* Build configuration list for PBXNativeTarget "Click and Create iosTests" */;
			buildPhases = (
				C54C3FD31C1502E3003A6E25 /* Sources */,
				C54C3FD41C1502E3003A6E25 /* Frameworks */,
				C54C3FD51C1502E3003A6E25 /* Resources */,
			);
			buildRules = (
			);
			dependencies = (
				C54C3FD91C1502E3003A6E25 /* PBXTargetDependency */,
			);
			name = "Click and Create iosTests";
			productName = "Click and Create iosTests";
			productReference = C54C3FD71C1502E3003A6E25 /* Click and Create iosTests.xctest */;
			productType = "com.apple.product-type.bundle.unit-test";
		};
		C54C3FE11C1502E3003A6E25 /* Click and Create iosUITests */ = {
			isa = PBXNativeTarget;
			buildConfigurationList = C54C3FF11C1502E3003A6E25 /* Build configuration list for PBXNativeTarget "Click and Create iosUITests" */;
			buildPhases = (
				C54C3FDE1C1502E3003A6E25 /* Sources */,
				C54C3FDF1C1502E3003A6E25 /* Frameworks */,
				C54C3FE01C1502E3003A6E25 /* Resources */,
			);
			buildRules = (
			);
			dependencies = (
				C54C3FE41C1502E3003A6E25 /* PBXTargetDependency */,
			);
			name = "Click and Create iosUITests";
			productName = "Click and Create iosUITests";
			productReference = C54C3FE21C1502E3003A6E25 /* Click and Create iosUITests.xctest */;
			productType = "com.apple.product-type.bundle.ui-testing";
		};
/* End PBXNativeTarget section */

/* Begin PBXProject section */
		C54C3FBB1C1502E3003A6E25 /* Project object */ = {
			isa = PBXProject;
			attributes = {
				LastSwiftUpdateCheck = 0710;
				LastUpgradeCheck = 0710;
				ORGANIZATIONNAME = "Betty Ji";
				TargetAttributes = {
					C54C3FC21C1502E3003A6E25 = {
						CreatedOnToolsVersion = 7.1.1;
					};
					C54C3FD61C1502E3003A6E25 = {
						CreatedOnToolsVersion = 7.1.1;
						TestTargetID = C54C3FC21C1502E3003A6E25;
					};
					C54C3FE11C1502E3003A6E25 = {
						CreatedOnToolsVersion = 7.1.1;
						TestTargetID = C54C3FC21C1502E3003A6E25;
					};
				};
			};
			buildConfigurationList = C54C3FBE1C1502E3003A6E25 /* Build configuration list for PBXProject "Click and Create ios" */;
			compatibilityVersion = "Xcode 3.2";
			developmentRegion = English;
			hasScannedForEncodings = 0;
			knownRegions = (
				en,
				Base,
			);
			mainGroup = C54C3FBA1C1502E3003A6E25;
			productRefGroup = C54C3FC41C1502E3003A6E25 /* Products */;
			projectDirPath = "";
			projectRoot = "";
			targets = (
				C54C3FC21C1502E3003A6E25 /* Click and Create ios */,
				C54C3FD61C1502E3003A6E25 /* Click and Create iosTests */,
				C54C3FE11C1502E3003A6E25 /* Click and Create iosUITests */,
			);
		};
/* End PBXProject section */

/* Begin PBXResourcesBuildPhase section */
		C54C3FC11C1502E3003A6E25 /* Resources */ = {
			isa = PBXResourcesBuildPhase;
			buildActionMask = 2147483647;
			files = (
				C54C3FD11C1502E3003A6E25 /* LaunchScreen.storyboard in Resources */,
				C54C3FCE1C1502E3003A6E25 /* Assets.xcassets in Resources */,
				C54C3FCC1C1502E3003A6E25 /* Main.storyboard in Resources */,
			);
			runOnlyForDeploymentPostprocessing = 0;
		};
		C54C3FD51C1502E3003A6E25 /* Resources */ = {
			isa = PBXResourcesBuildPhase;
			buildActionMask = 2147483647;
			files = (
			);
			runOnlyForDeploymentPostprocessing = 0;
		};
		C54C3FE01C1502E3003A6E25 /* Resources */ = {
			isa = PBXResourcesBuildPhase;
			buildActionMask = 2147483647;
			files = (
			);
			runOnlyForDeploymentPostprocessing = 0;
		};
/* End PBXResourcesBuildPhase section */

/* Begin PBXSourcesBuildPhase section */
		C54C3FBF1C1502E3003A6E25 /* Sources */ = {
			isa = PBXSourcesBuildPhase;
			buildActionMask = 2147483647;
			files = (
				C54C3FC91C1502E3003A6E25 /* ViewController.swift in Sources */,
				C54C3FC71C1502E3003A6E25 /* AppDelegate.swift in Sources */,
			);
			runOnlyForDeploymentPostprocessing = 0;
		};
		C54C3FD31C1502E3003A6E25 /* Sources */ = {
			isa = PBXSourcesBuildPhase;
			buildActionMask = 2147483647;
			files = (
				C54C3FDC1C1502E3003A6E25 /* Click_and_Create_iosTests.swift in Sources */,
			);
			runOnlyForDeploymentPostprocessing = 0;
		};
		C54C3FDE1C1502E3003A6E25 /* Sources */ = {
			isa = PBXSourcesBuildPhase;
			buildActionMask = 2147483647;
			files = (
				C54C3FE71C1502E3003A6E25 /* Click_and_Create_iosUITests.swift in Sources */,
			);
			runOnlyForDeploymentPostprocessing = 0;
		};
/* End PBXSourcesBuildPhase section */

/* Begin PBXTargetDependency section */
		C54C3FD91C1502E3003A6E25 /* PBXTargetDependency */ = {
			isa = PBXTargetDependency;
			target = C54C3FC21C1502E3003A6E25 /* Click and Create ios */;
			targetProxy = C54C3FD81C1502E3003A6E25 /* PBXContainerItemProxy */;
		};
		C54C3FE41C1502E3003A6E25 /* PBXTargetDependency */ = {
			isa = PBXTargetDependency;
			target = C54C3FC21C1502E3003A6E25 /* Click and Create ios */;
			targetProxy = C54C3FE31C1502E3003A6E25 /* PBXContainerItemProxy */;
		};
/* End PBXTargetDependency section */

/* Begin PBXVariantGroup section */
		C54C3FCA1C1502E3003A6E25 /* Main.storyboard */ = {
			isa = PBXVariantGroup;
			children = (
				C54C3FCB1C1502E3003A6E25 /* Base */,
			);
			name = Main.storyboard;
			sourceTree = "<group>";
		};
		C54C3FCF1C1502E3003A6E25 /* LaunchScreen.storyboard */ = {
			isa = PBXVariantGroup;
			children = (
				C54C3FD01C1502E3003A6E25 /* Base */,
			);
			name = LaunchScreen.storyboard;
			sourceTree = "<group>";
		};
/* End PBXVariantGroup section */

/* Begin XCBuildConfiguration section */
		C54C3FE91C1502E3003A6E25 /* Debug */ = {
			isa = XCBuildConfiguration;
			buildSettings = {
				ALWAYS_SEARCH_USER_PATHS = NO;
				CLANG_CXX_LANGUAGE_STANDARD = "gnu++0x";
				CLANG_CXX_LIBRARY = "libc++";
				CLANG_ENABLE_MODULES = YES;
				CLANG_ENABLE_OBJC_ARC = YES;
				CLANG_WARN_BOOL_CONVERSION = YES;
				CLANG_WARN_CONSTANT_CONVERSION = YES;
				CLANG_WARN_DIRECT_OBJC_ISA_USAGE = YES_ERROR;
				CLANG_WARN_EMPTY_BODY = YES;
				CLANG_WARN_ENUM_CONVERSION = YES;
				CLANG_WARN_INT_CONVERSION = YES;
				CLANG_WARN_OBJC_ROOT_CLASS = YES_ERROR;
				CLANG_WARN_UNREACHABLE_CODE = YES;
				CLANG_WARN__DUPLICATE_METHOD_MATCH = YES;
				"CODE_SIGN_IDENTITY[sdk=iphoneos*]" = "iPhone Developer";
				COPY_PHASE_STRIP = NO;
				DEBUG_INFORMATION_FORMAT = dwarf;
				ENABLE_STRICT_OBJC_MSGSEND = YES;
				ENABLE_TESTABILITY = YES;
				GCC_C_LANGUAGE_STANDARD = gnu99;
				GCC_DYNAMIC_NO_PIC = NO;
				GCC_NO_COMMON_BLOCKS = YES;
				GCC_OPTIMIZATION_LEVEL = 0;
				GCC_PREPROCESSOR_DEFINITIONS = (
					"DEBUG=1",
					"$(inherited)",
				);
				GCC_WARN_64_TO_32_BIT_CONVERSION = YES;
				GCC_WARN_ABOUT_RETURN_TYPE = YES_ERROR;
				GCC_WARN_UNDECLARED_SELECTOR = YES;
				GCC_WARN_UNINITIALIZED_AUTOS = YES_AGGRESSIVE;
				GCC_WARN_UNUSED_FUNCTION = YES;
				GCC_WARN_UNUSED_VARIABLE = YES;
				IPHONEOS_DEPLOYMENT_TARGET = 9.1;
				MTL_ENABLE_DEBUG_INFO = YES;
				ONLY_ACTIVE_ARCH = YES;
				SDKROOT = iphoneos;
				SWIFT_OPTIMIZATION_LEVEL = "-Onone";
			};
			name = Debug;
		};
		C54C3FEA1C1502E3003A6E25 /* Release */ = {
			isa = XCBuildConfiguration;
			buildSettings = {
				ALWAYS_SEARCH_USER_PATHS = NO;
				CLANG_CXX_LANGUAGE_STANDARD = "gnu++0x";
				CLANG_CXX_LIBRARY = "libc++";
				CLANG_ENABLE_MODULES = YES;
				CLANG_ENABLE_OBJC_ARC = YES;
				CLANG_WARN_BOOL_CONVERSION = YES;
				CLANG_WARN_CONSTANT_CONVERSION = YES;
				CLANG_WARN_DIRECT_OBJC_ISA_USAGE = YES_ERROR;
				CLANG_WARN_EMPTY_BODY = YES;
				CLANG_WARN_ENUM_CONVERSION = YES;
				CLANG_WARN_INT_CONVERSION = YES;
				CLANG_WARN_OBJC_ROOT_CLASS = YES_ERROR;
				CLANG_WARN_UNREACHABLE_CODE = YES;
				CLANG_WARN__DUPLICATE_METHOD_MATCH = YES;
				"CODE_SIGN_IDENTITY[sdk=iphoneos*]" = "iPhone Developer";
				COPY_PHASE_STRIP = NO;
				DEBUG_INFORMATION_FORMAT = "dwarf-with-dsym";
				ENABLE_NS_ASSERTIONS = NO;
				ENABLE_STRICT_OBJC_MSGSEND = YES;
				GCC_C_LANGUAGE_STANDARD = gnu99;
				GCC_NO_COMMON_BLOCKS = YES;
				GCC_WARN_64_TO_32_BIT_CONVERSION = YES;
				GCC_WARN_ABOUT_RETURN_TYPE = YES_ERROR;
				GCC_WARN_UNDECLARED_SELECTOR = YES;
				GCC_WARN_UNINITIALIZED_AUTOS = YES_AGGRESSIVE;
				GCC_WARN_UNUSED_FUNCTION = YES;
				GCC_WARN_UNUSED_VARIABLE = YES;
				IPHONEOS_DEPLOYMENT_TARGET = 9.1;
				MTL_ENABLE_DEBUG_INFO = NO;
				SDKROOT = iphoneos;
				VALIDATE_PRODUCT = YES;
			};
			name = Release;
		};
		C54C3FEC1C1502E3003A6E25 /* Debug */ = {
			isa = XCBuildConfiguration;
			buildSettings = {
				ASSETCATALOG_COMPILER_APPICON_NAME = AppIcon;
				INFOPLIST_FILE = "Click and Create ios/Info.plist";
				LD_RUNPATH_SEARCH_PATHS = "$(inherited) @executable_path/Frameworks";
				PRODUCT_BUNDLE_IDENTIFIER = "com.BettyJi.Click-and-Create-ios";
				PRODUCT_NAME = "$(TARGET_NAME)";
			};
			name = Debug;
		};
		C54C3FED1C1502E3003A6E25 /* Release */ = {
			isa = XCBuildConfiguration;
			buildSettings = {
				ASSETCATALOG_COMPILER_APPICON_NAME = AppIcon;
				INFOPLIST_FILE = "Click and Create ios/Info.plist";
				LD_RUNPATH_SEARCH_PATHS = "$(inherited) @executable_path/Frameworks";
				PRODUCT_BUNDLE_IDENTIFIER = "com.BettyJi.Click-and-Create-ios";
				PRODUCT_NAME = "$(TARGET_NAME)";
			};
			name = Release;
		};
		C54C3FEF1C1502E3003A6E25 /* Debug */ = {
			isa = XCBuildConfiguration;
			buildSettings = {
				BUNDLE_LOADER = "$(TEST_HOST)";
				INFOPLIST_FILE = "Click and Create iosTests/Info.plist";
				LD_RUNPATH_SEARCH_PATHS = "$(inherited) @executable_path/Frameworks @loader_path/Frameworks";
				PRODUCT_BUNDLE_IDENTIFIER = "com.BettyJi.Click-and-Create-iosTests";
				PRODUCT_NAME = "$(TARGET_NAME)";
				TEST_HOST = "$(BUILT_PRODUCTS_DIR)/Click and Create ios.app/Click and Create ios";
			};
			name = Debug;
		};
		C54C3FF01C1502E3003A6E25 /* Release */ = {
			isa = XCBuildConfiguration;
			buildSettings = {
				BUNDLE_LOADER = "$(TEST_HOST)";
				INFOPLIST_FILE = "Click and Create iosTests/Info.plist";
				LD_RUNPATH_SEARCH_PATHS = "$(inherited) @executable_path/Frameworks @loader_path/Frameworks";
				PRODUCT_BUNDLE_IDENTIFIER = "com.BettyJi.Click-and-Create-iosTests";
				PRODUCT_NAME = "$(TARGET_NAME)";
				TEST_HOST = "$(BUILT_PRODUCTS_DIR)/Click and Create ios.app/Click and Create ios";
			};
			name = Release;
		};
		C54C3FF21C1502E3003A6E25 /* Debug */ = {
			isa = XCBuildConfiguration;
			buildSettings = {
				INFOPLIST_FILE = "Click and Create iosUITests/Info.plist";
				LD_RUNPATH_SEARCH_PATHS = "$(inherited) @executable_path/Frameworks @loader_path/Frameworks";
				PRODUCT_BUNDLE_IDENTIFIER = "com.BettyJi.Click-and-Create-iosUITests";
				PRODUCT_NAME = "$(TARGET_NAME)";
				TEST_TARGET_NAME = "Click and Create ios";
				USES_XCTRUNNER = YES;
			};
			name = Debug;
		};
		C54C3FF31C1502E3003A6E25 /* Release */ = {
			isa = XCBuildConfiguration;
			buildSettings = {
				INFOPLIST_FILE = "Click and Create iosUITests/Info.plist";
				LD_RUNPATH_SEARCH_PATHS = "$(inherited) @executable_path/Frameworks @loader_path/Frameworks";
				PRODUCT_BUNDLE_IDENTIFIER = "com.BettyJi.Click-and-Create-iosUITests";
				PRODUCT_NAME = "$(TARGET_NAME)";
				TEST_TARGET_NAME = "Click and Create ios";
				USES_XCTRUNNER = YES;
			};
			name = Release;
		};
/* End XCBuildConfiguration section */

/* Begin XCConfigurationList section */
		C54C3FBE1C1502E3003A6E25 /* Build configuration list for PBXProject "Click and Create ios" */ = {
			isa = XCConfigurationList;
			buildConfigurations = (
				C54C3FE91C1502E3003A6E25 /* Debug */,
				C54C3FEA1C1502E3003A6E25 /* Release */,
			);
			defaultConfigurationIsVisible = 0;
			defaultConfigurationName = Release;
		};
		C54C3FEB1C1502E3003A6E25 /* Build configuration list for PBXNativeTarget "Click and Create ios" */ = {
			isa = XCConfigurationList;
			buildConfigurations = (
				C54C3FEC1C1502E3003A6E25 /* Debug */,
				C54C3FED1C1502E3003A6E25 /* Release */,
			);
			defaultConfigurationIsVisible = 0;
		};
		C54C3FEE1C1502E3003A6E25 /* Build configuration list for PBXNativeTarget "Click and Create iosTests" */ = {
			isa = XCConfigurationList;
			buildConfigurations = (
				C54C3FEF1C1502E3003A6E25 /* Debug */,
				C54C3FF01C1502E3003A6E25 /* Release */,
			);
			defaultConfigurationIsVisible = 0;
		};
		C54C3FF11C1502E3003A6E25 /* Build configuration list for PBXNativeTarget "Click and Create iosUITests" */ = {
			isa = XCConfigurationList;
			buildConfigurations = (
				C54C3FF21C1502E3003A6E25 /* Debug */,
				C54C3FF31C1502E3003A6E25 /* Release */,
			);
			defaultConfigurationIsVisible = 0;
		};
/* End XCConfigurationList section */
	};
	rootObject = C54C3FBB1C1502E3003A6E25 /* Project object */;
}
